// !$*UTF8*$!
{
	archiveVersion = 1;
	classes = {
	};
	objectVersion = 46;
	objects = {

/* Begin PBXBuildFile section */
		63247F462DC109081C4FF889 /* libPods-IASIS.a in Frameworks */ = {isa = PBXBuildFile; fileRef = B386E523C8EB5942917140BF /* libPods-IASIS.a */; };
		6513CF471ADAFF260089ED53 /* ProviderLocations.plist in Resources */ = {isa = PBXBuildFile; fileRef = 6513CF461ADAFF260089ED53 /* ProviderLocations.plist */; };
		6513CF491ADB5AFF0089ED53 /* Hospitals.plist in Resources */ = {isa = PBXBuildFile; fileRef = 6513CF481ADB5AFF0089ED53 /* Hospitals.plist */; };
		652D22631ABCA10000FA9D9D /* ERWaitTimes.m in Sources */ = {isa = PBXBuildFile; fileRef = 652D22621ABCA10000FA9D9D /* ERWaitTimes.m */; };
		652D22661ABCA5CA00FA9D9D /* ProviderSearchClient.m in Sources */ = {isa = PBXBuildFile; fileRef = 652D22651ABCA5CA00FA9D9D /* ProviderSearchClient.m */; };
		652D22691ABCA6B600FA9D9D /* WaitSpinner.m in Sources */ = {isa = PBXBuildFile; fileRef = 652D22681ABCA6B600FA9D9D /* WaitSpinner.m */; };
		652D226C1ABCAB4D00FA9D9D /* UIViewController+Alerts.m in Sources */ = {isa = PBXBuildFile; fileRef = 652D226B1ABCAB4D00FA9D9D /* UIViewController+Alerts.m */; };
		653D45781AE3EFD4004E53BD /* Provider.html in Resources */ = {isa = PBXBuildFile; fileRef = 653D45771AE3EFD4004E53BD /* Provider.html */; };
		653F94601A37B42A0045739C /* StatesViewController.m in Sources */ = {isa = PBXBuildFile; fileRef = 653F945F1A37B42A0045739C /* StatesViewController.m */; };
		653F94631A37B4340045739C /* ProvidersViewController.m in Sources */ = {isa = PBXBuildFile; fileRef = 653F94621A37B4340045739C /* ProvidersViewController.m */; };
		653F94661A37B43C0045739C /* PortalViewController.m in Sources */ = {isa = PBXBuildFile; fileRef = 653F94651A37B43C0045739C /* PortalViewController.m */; };
		653F94691A37B44C0045739C /* SettingsViewController.m in Sources */ = {isa = PBXBuildFile; fileRef = 653F94681A37B44C0045739C /* SettingsViewController.m */; };
		653F946D1A37BA2F0045739C /* IASISViewController.m in Sources */ = {isa = PBXBuildFile; fileRef = 653F946C1A37BA2F0045739C /* IASISViewController.m */; };
		653F94701A37BA760045739C /* UIColor+Colors.m in Sources */ = {isa = PBXBuildFile; fileRef = 653F946F1A37BA760045739C /* UIColor+Colors.m */; };
		65A1DBDE1A17FF2100EF78FA /* IASISTests.m in Sources */ = {isa = PBXBuildFile; fileRef = 65A1DBDD1A17FF2100EF78FA /* IASISTests.m */; };
		65A1DBFA1A17FF6200EF78FA /* AppDelegate.m in Sources */ = {isa = PBXBuildFile; fileRef = 65A1DBEA1A17FF6200EF78FA /* AppDelegate.m */; };
		65A1DBFB1A17FF6200EF78FA /* InitialViewController.m in Sources */ = {isa = PBXBuildFile; fileRef = 65A1DBEE1A17FF6200EF78FA /* InitialViewController.m */; };
		65A1DBFC1A17FF6200EF78FA /* Images.xcassets in Resources */ = {isa = PBXBuildFile; fileRef = 65A1DBEF1A17FF6200EF78FA /* Images.xcassets */; };
		65A1DBFD1A17FF6200EF78FA /* main.m in Sources */ = {isa = PBXBuildFile; fileRef = 65A1DBF21A17FF6200EF78FA /* main.m */; };
		65A1DBFF1A17FF6200EF78FA /* LaunchScreen.xib in Resources */ = {isa = PBXBuildFile; fileRef = 65A1DBF61A17FF6200EF78FA /* LaunchScreen.xib */; };
		65A1DC001A17FF6200EF78FA /* Main.storyboard in Resources */ = {isa = PBXBuildFile; fileRef = 65A1DBF81A17FF6200EF78FA /* Main.storyboard */; };
		65B13E071A2D617D00A5E4D3 /* JSSlidingViewController.m in Sources */ = {isa = PBXBuildFile; fileRef = 65B13E061A2D617D00A5E4D3 /* JSSlidingViewController.m */; };
		65B13E0B1A2D61FE00A5E4D3 /* MenuViewController.m in Sources */ = {isa = PBXBuildFile; fileRef = 65B13E0A1A2D61FE00A5E4D3 /* MenuViewController.m */; };
		65B13E0F1A2D623500A5E4D3 /* PersonalViewController.m in Sources */ = {isa = PBXBuildFile; fileRef = 65B13E0E1A2D623500A5E4D3 /* PersonalViewController.m */; };
		65B13E131A2D655400A5E4D3 /* MenuTableViewCell.m in Sources */ = {isa = PBXBuildFile; fileRef = 65B13E121A2D655400A5E4D3 /* MenuTableViewCell.m */; };
		65DB4A001ADCB2D7002F7C0A /* PortalFooterCell.xib in Resources */ = {isa = PBXBuildFile; fileRef = 65DB49FF1ADCB2D7002F7C0A /* PortalFooterCell.xib */; };
		65DB4A031ADCB314002F7C0A /* PortalFooterCell.m in Sources */ = {isa = PBXBuildFile; fileRef = 65DB4A021ADCB314002F7C0A /* PortalFooterCell.m */; };
		C61892291A38108B00A0CD08 /* MyMyProvidersHeader.xib in Resources */ = {isa = PBXBuildFile; fileRef = C61892281A38108B00A0CD08 /* MyMyProvidersHeader.xib */; };
		C618922C1A38117B00A0CD08 /* MyProviderCell.m in Sources */ = {isa = PBXBuildFile; fileRef = C618922B1A38117B00A0CD08 /* MyProviderCell.m */; };
		C618922E1A38118700A0CD08 /* MyProviderCell.xib in Resources */ = {isa = PBXBuildFile; fileRef = C618922D1A38118700A0CD08 /* MyProviderCell.xib */; };
		C61892311A38E6D100A0CD08 /* StateNameCell.m in Sources */ = {isa = PBXBuildFile; fileRef = C61892301A38E6D100A0CD08 /* StateNameCell.m */; };
		C61ED4191A3807920034717B /* MyMyHospitalCell.xib in Resources */ = {isa = PBXBuildFile; fileRef = C61ED4181A3807920034717B /* MyMyHospitalCell.xib */; };
		C61ED41C1A380A710034717B /* MyMyHospitalCell.m in Sources */ = {isa = PBXBuildFile; fileRef = C61ED41B1A380A710034717B /* MyMyHospitalCell.m */; };
		C61ED41F1A380A8C0034717B /* MyERWaitCell.m in Sources */ = {isa = PBXBuildFile; fileRef = C61ED41E1A380A8C0034717B /* MyERWaitCell.m */; };
		C61ED4211A380AA40034717B /* MyERWaitCell.xib in Resources */ = {isa = PBXBuildFile; fileRef = C61ED4201A380AA40034717B /* MyERWaitCell.xib */; };
		C61ED4241A380B150034717B /* OutlinedButton.m in Sources */ = {isa = PBXBuildFile; fileRef = C61ED4231A380B150034717B /* OutlinedButton.m */; };
		C632877F1A75693F00C90D76 /* EmptyBackButtonTitleViewController.m in Sources */ = {isa = PBXBuildFile; fileRef = C632877E1A75693F00C90D76 /* EmptyBackButtonTitleViewController.m */; };
		C66517D31A3D53CD0087BCA8 /* ProviderResultsViewController.m in Sources */ = {isa = PBXBuildFile; fileRef = C66517D21A3D53CD0087BCA8 /* ProviderResultsViewController.m */; };
		C66517D61A3D55750087BCA8 /* ProviderViewController.m in Sources */ = {isa = PBXBuildFile; fileRef = C66517D51A3D55750087BCA8 /* ProviderViewController.m */; };
		C66517DA1A3D5B650087BCA8 /* PortalHeaderCell.xib in Resources */ = {isa = PBXBuildFile; fileRef = C66517D91A3D5B650087BCA8 /* PortalHeaderCell.xib */; };
		C66517DD1A3D5BA20087BCA8 /* PortalHeaderCell.m in Sources */ = {isa = PBXBuildFile; fileRef = C66517DC1A3D5BA20087BCA8 /* PortalHeaderCell.m */; };
		C66517DF1A3D5CDD0087BCA8 /* PortalStateCell.xib in Resources */ = {isa = PBXBuildFile; fileRef = C66517DE1A3D5CDD0087BCA8 /* PortalStateCell.xib */; };
		C66517E21A3D5D5A0087BCA8 /* PortalStateCell.m in Sources */ = {isa = PBXBuildFile; fileRef = C66517E11A3D5D5A0087BCA8 /* PortalStateCell.m */; };
		C6EEB2361A38F62600C59CB2 /* HospitalsViewController.m in Sources */ = {isa = PBXBuildFile; fileRef = C6EEB2351A38F62600C59CB2 /* HospitalsViewController.m */; };
		C6EEB2391A38F6EC00C59CB2 /* HospitalInfoCell.m in Sources */ = {isa = PBXBuildFile; fileRef = C6EEB2381A38F6EC00C59CB2 /* HospitalInfoCell.m */; };
		C6EEB23C1A38F74200C59CB2 /* HospitalInfoCellER.m in Sources */ = {isa = PBXBuildFile; fileRef = C6EEB23B1A38F74200C59CB2 /* HospitalInfoCellER.m */; };
		C6EEB23F1A393AA200C59CB2 /* FindHospitalInfoCell.m in Sources */ = {isa = PBXBuildFile; fileRef = C6EEB23E1A393AA200C59CB2 /* FindHospitalInfoCell.m */; };
		C6EEB2411A393B1300C59CB2 /* FindHospitalInfoCell.xib in Resources */ = {isa = PBXBuildFile; fileRef = C6EEB2401A393B1300C59CB2 /* FindHospitalInfoCell.xib */; };
		C6EEB2441A393C2400C59CB2 /* HospitalInfoViewController.m in Sources */ = {isa = PBXBuildFile; fileRef = C6EEB2431A393C2400C59CB2 /* HospitalInfoViewController.m */; };
		C6EEB2461A393D0700C59CB2 /* WebCell.xib in Resources */ = {isa = PBXBuildFile; fileRef = C6EEB2451A393D0700C59CB2 /* WebCell.xib */; };
		C6EEB2491A393D3B00C59CB2 /* WebCell.m in Sources */ = {isa = PBXBuildFile; fileRef = C6EEB2481A393D3B00C59CB2 /* WebCell.m */; };
/* End PBXBuildFile section */

/* Begin PBXContainerItemProxy section */
		65A1DBD81A17FF2100EF78FA /* PBXContainerItemProxy */ = {
			isa = PBXContainerItemProxy;
			containerPortal = 65A1DBB61A17FF2100EF78FA /* Project object */;
			proxyType = 1;
			remoteGlobalIDString = 65A1DBBD1A17FF2100EF78FA;
			remoteInfo = IASIS;
		};
/* End PBXContainerItemProxy section */

/* Begin PBXFileReference section */
		323DEAA7EDC2366AAC9C3C75 /* Pods-IASIS.debug.xcconfig */ = {isa = PBXFileReference; includeInIndex = 1; lastKnownFileType = text.xcconfig; name = "Pods-IASIS.debug.xcconfig"; path = "Pods/Target Support Files/Pods-IASIS/Pods-IASIS.debug.xcconfig"; sourceTree = "<group>"; };
		6513CF461ADAFF260089ED53 /* ProviderLocations.plist */ = {isa = PBXFileReference; fileEncoding = 4; lastKnownFileType = text.plist.xml; path = ProviderLocations.plist; sourceTree = "<group>"; };
		6513CF481ADB5AFF0089ED53 /* Hospitals.plist */ = {isa = PBXFileReference; fileEncoding = 4; lastKnownFileType = text.plist.xml; path = Hospitals.plist; sourceTree = "<group>"; };
		652D22611ABCA10000FA9D9D /* ERWaitTimes.h */ = {isa = PBXFileReference; fileEncoding = 4; lastKnownFileType = sourcecode.c.h; path = ERWaitTimes.h; sourceTree = "<group>"; };
		652D22621ABCA10000FA9D9D /* ERWaitTimes.m */ = {isa = PBXFileReference; fileEncoding = 4; lastKnownFileType = sourcecode.c.objc; path = ERWaitTimes.m; sourceTree = "<group>"; };
		652D22641ABCA5CA00FA9D9D /* ProviderSearchClient.h */ = {isa = PBXFileReference; fileEncoding = 4; lastKnownFileType = sourcecode.c.h; path = ProviderSearchClient.h; sourceTree = "<group>"; };
		652D22651ABCA5CA00FA9D9D /* ProviderSearchClient.m */ = {isa = PBXFileReference; fileEncoding = 4; lastKnownFileType = sourcecode.c.objc; path = ProviderSearchClient.m; sourceTree = "<group>"; };
		652D22671ABCA6B600FA9D9D /* WaitSpinner.h */ = {isa = PBXFileReference; fileEncoding = 4; lastKnownFileType = sourcecode.c.h; path = WaitSpinner.h; sourceTree = "<group>"; };
		652D22681ABCA6B600FA9D9D /* WaitSpinner.m */ = {isa = PBXFileReference; fileEncoding = 4; lastKnownFileType = sourcecode.c.objc; path = WaitSpinner.m; sourceTree = "<group>"; };
		652D226A1ABCAB4D00FA9D9D /* UIViewController+Alerts.h */ = {isa = PBXFileReference; fileEncoding = 4; lastKnownFileType = sourcecode.c.h; path = "UIViewController+Alerts.h"; sourceTree = "<group>"; };
		652D226B1ABCAB4D00FA9D9D /* UIViewController+Alerts.m */ = {isa = PBXFileReference; fileEncoding = 4; lastKnownFileType = sourcecode.c.objc; path = "UIViewController+Alerts.m"; sourceTree = "<group>"; };
		653D45771AE3EFD4004E53BD /* Provider.html */ = {isa = PBXFileReference; fileEncoding = 4; lastKnownFileType = text.html; path = Provider.html; sourceTree = "<group>"; };
		653F945E1A37B42A0045739C /* StatesViewController.h */ = {isa = PBXFileReference; fileEncoding = 4; lastKnownFileType = sourcecode.c.h; path = StatesViewController.h; sourceTree = "<group>"; };
		653F945F1A37B42A0045739C /* StatesViewController.m */ = {isa = PBXFileReference; fileEncoding = 4; lastKnownFileType = sourcecode.c.objc; path = StatesViewController.m; sourceTree = "<group>"; };
		653F94611A37B4340045739C /* ProvidersViewController.h */ = {isa = PBXFileReference; fileEncoding = 4; lastKnownFileType = sourcecode.c.h; path = ProvidersViewController.h; sourceTree = "<group>"; };
		653F94621A37B4340045739C /* ProvidersViewController.m */ = {isa = PBXFileReference; fileEncoding = 4; lastKnownFileType = sourcecode.c.objc; path = ProvidersViewController.m; sourceTree = "<group>"; };
		653F94641A37B43C0045739C /* PortalViewController.h */ = {isa = PBXFileReference; fileEncoding = 4; lastKnownFileType = sourcecode.c.h; path = PortalViewController.h; sourceTree = "<group>"; };
		653F94651A37B43C0045739C /* PortalViewController.m */ = {isa = PBXFileReference; fileEncoding = 4; lastKnownFileType = sourcecode.c.objc; path = PortalViewController.m; sourceTree = "<group>"; };
		653F94671A37B44C0045739C /* SettingsViewController.h */ = {isa = PBXFileReference; fileEncoding = 4; lastKnownFileType = sourcecode.c.h; path = SettingsViewController.h; sourceTree = "<group>"; };
		653F94681A37B44C0045739C /* SettingsViewController.m */ = {isa = PBXFileReference; fileEncoding = 4; lastKnownFileType = sourcecode.c.objc; path = SettingsViewController.m; sourceTree = "<group>"; };
		653F946A1A37B5290045739C /* MenuViewControllerDelegate.h */ = {isa = PBXFileReference; fileEncoding = 4; lastKnownFileType = sourcecode.c.h; path = MenuViewControllerDelegate.h; sourceTree = "<group>"; };
		653F946B1A37BA2F0045739C /* IASISViewController.h */ = {isa = PBXFileReference; fileEncoding = 4; lastKnownFileType = sourcecode.c.h; path = IASISViewController.h; sourceTree = "<group>"; };
		653F946C1A37BA2F0045739C /* IASISViewController.m */ = {isa = PBXFileReference; fileEncoding = 4; lastKnownFileType = sourcecode.c.objc; path = IASISViewController.m; sourceTree = "<group>"; };
		653F946E1A37BA760045739C /* UIColor+Colors.h */ = {isa = PBXFileReference; fileEncoding = 4; lastKnownFileType = sourcecode.c.h; path = "UIColor+Colors.h"; sourceTree = "<group>"; };
		653F946F1A37BA760045739C /* UIColor+Colors.m */ = {isa = PBXFileReference; fileEncoding = 4; lastKnownFileType = sourcecode.c.objc; path = "UIColor+Colors.m"; sourceTree = "<group>"; };
		65A1DBBE1A17FF2100EF78FA /* IASIS.app */ = {isa = PBXFileReference; explicitFileType = wrapper.application; includeInIndex = 0; path = IASIS.app; sourceTree = BUILT_PRODUCTS_DIR; };
		65A1DBD71A17FF2100EF78FA /* IASISTests.xctest */ = {isa = PBXFileReference; explicitFileType = wrapper.cfbundle; includeInIndex = 0; path = IASISTests.xctest; sourceTree = BUILT_PRODUCTS_DIR; };
		65A1DBDC1A17FF2100EF78FA /* Info.plist */ = {isa = PBXFileReference; lastKnownFileType = text.plist.xml; path = Info.plist; sourceTree = "<group>"; };
		65A1DBDD1A17FF2100EF78FA /* IASISTests.m */ = {isa = PBXFileReference; lastKnownFileType = sourcecode.c.objc; path = IASISTests.m; sourceTree = "<group>"; };
		65A1DBE91A17FF6200EF78FA /* AppDelegate.h */ = {isa = PBXFileReference; fileEncoding = 4; lastKnownFileType = sourcecode.c.h; path = AppDelegate.h; sourceTree = "<group>"; };
		65A1DBEA1A17FF6200EF78FA /* AppDelegate.m */ = {isa = PBXFileReference; fileEncoding = 4; lastKnownFileType = sourcecode.c.objc; path = AppDelegate.m; sourceTree = "<group>"; };
		65A1DBED1A17FF6200EF78FA /* InitialViewController.h */ = {isa = PBXFileReference; fileEncoding = 4; lastKnownFileType = sourcecode.c.h; path = InitialViewController.h; sourceTree = "<group>"; };
		65A1DBEE1A17FF6200EF78FA /* InitialViewController.m */ = {isa = PBXFileReference; fileEncoding = 4; lastKnownFileType = sourcecode.c.objc; path = InitialViewController.m; sourceTree = "<group>"; };
		65A1DBEF1A17FF6200EF78FA /* Images.xcassets */ = {isa = PBXFileReference; lastKnownFileType = folder.assetcatalog; path = Images.xcassets; sourceTree = "<group>"; };
		65A1DBF21A17FF6200EF78FA /* main.m */ = {isa = PBXFileReference; fileEncoding = 4; lastKnownFileType = sourcecode.c.objc; path = main.m; sourceTree = "<group>"; };
		65A1DBF41A17FF6200EF78FA /* Info.plist */ = {isa = PBXFileReference; fileEncoding = 4; lastKnownFileType = text.plist.xml; path = Info.plist; sourceTree = "<group>"; };
		65A1DBF71A17FF6200EF78FA /* Base */ = {isa = PBXFileReference; lastKnownFileType = file.xib; name = Base; path = Base.lproj/LaunchScreen.xib; sourceTree = "<group>"; };
		65A1DBF91A17FF6200EF78FA /* Base */ = {isa = PBXFileReference; lastKnownFileType = file.storyboard; name = Base; path = Base.lproj/Main.storyboard; sourceTree = "<group>"; };
		65B13E051A2D617D00A5E4D3 /* JSSlidingViewController.h */ = {isa = PBXFileReference; fileEncoding = 4; lastKnownFileType = sourcecode.c.h; path = JSSlidingViewController.h; sourceTree = "<group>"; };
		65B13E061A2D617D00A5E4D3 /* JSSlidingViewController.m */ = {isa = PBXFileReference; fileEncoding = 4; lastKnownFileType = sourcecode.c.objc; path = JSSlidingViewController.m; sourceTree = "<group>"; };
		65B13E091A2D61FE00A5E4D3 /* MenuViewController.h */ = {isa = PBXFileReference; fileEncoding = 4; lastKnownFileType = sourcecode.c.h; path = MenuViewController.h; sourceTree = "<group>"; };
		65B13E0A1A2D61FE00A5E4D3 /* MenuViewController.m */ = {isa = PBXFileReference; fileEncoding = 4; lastKnownFileType = sourcecode.c.objc; path = MenuViewController.m; sourceTree = "<group>"; };
		65B13E0D1A2D623500A5E4D3 /* PersonalViewController.h */ = {isa = PBXFileReference; fileEncoding = 4; lastKnownFileType = sourcecode.c.h; path = PersonalViewController.h; sourceTree = "<group>"; };
		65B13E0E1A2D623500A5E4D3 /* PersonalViewController.m */ = {isa = PBXFileReference; fileEncoding = 4; lastKnownFileType = sourcecode.c.objc; path = PersonalViewController.m; sourceTree = "<group>"; };
		65B13E111A2D655400A5E4D3 /* MenuTableViewCell.h */ = {isa = PBXFileReference; fileEncoding = 4; lastKnownFileType = sourcecode.c.h; path = MenuTableViewCell.h; sourceTree = "<group>"; };
		65B13E121A2D655400A5E4D3 /* MenuTableViewCell.m */ = {isa = PBXFileReference; fileEncoding = 4; lastKnownFileType = sourcecode.c.objc; path = MenuTableViewCell.m; sourceTree = "<group>"; };
		65DB49FF1ADCB2D7002F7C0A /* PortalFooterCell.xib */ = {isa = PBXFileReference; fileEncoding = 4; lastKnownFileType = file.xib; path = PortalFooterCell.xib; sourceTree = "<group>"; };
		65DB4A011ADCB314002F7C0A /* PortalFooterCell.h */ = {isa = PBXFileReference; fileEncoding = 4; lastKnownFileType = sourcecode.c.h; path = PortalFooterCell.h; sourceTree = "<group>"; };
		65DB4A021ADCB314002F7C0A /* PortalFooterCell.m */ = {isa = PBXFileReference; fileEncoding = 4; lastKnownFileType = sourcecode.c.objc; path = PortalFooterCell.m; sourceTree = "<group>"; };
		A596595F72C3F41E858537BD /* Pods-IASIS.release.xcconfig */ = {isa = PBXFileReference; includeInIndex = 1; lastKnownFileType = text.xcconfig; name = "Pods-IASIS.release.xcconfig"; path = "Pods/Target Support Files/Pods-IASIS/Pods-IASIS.release.xcconfig"; sourceTree = "<group>"; };
		B386E523C8EB5942917140BF /* libPods-IASIS.a */ = {isa = PBXFileReference; explicitFileType = archive.ar; includeInIndex = 0; path = "libPods-IASIS.a"; sourceTree = BUILT_PRODUCTS_DIR; };
		C61892281A38108B00A0CD08 /* MyMyProvidersHeader.xib */ = {isa = PBXFileReference; fileEncoding = 4; lastKnownFileType = file.xib; path = MyMyProvidersHeader.xib; sourceTree = "<group>"; };
		C618922A1A38117B00A0CD08 /* MyProviderCell.h */ = {isa = PBXFileReference; fileEncoding = 4; lastKnownFileType = sourcecode.c.h; path = MyProviderCell.h; sourceTree = "<group>"; };
		C618922B1A38117B00A0CD08 /* MyProviderCell.m */ = {isa = PBXFileReference; fileEncoding = 4; lastKnownFileType = sourcecode.c.objc; path = MyProviderCell.m; sourceTree = "<group>"; };
		C618922D1A38118700A0CD08 /* MyProviderCell.xib */ = {isa = PBXFileReference; fileEncoding = 4; lastKnownFileType = file.xib; path = MyProviderCell.xib; sourceTree = "<group>"; };
		C618922F1A38E6D100A0CD08 /* StateNameCell.h */ = {isa = PBXFileReference; fileEncoding = 4; lastKnownFileType = sourcecode.c.h; path = StateNameCell.h; sourceTree = "<group>"; };
		C61892301A38E6D100A0CD08 /* StateNameCell.m */ = {isa = PBXFileReference; fileEncoding = 4; lastKnownFileType = sourcecode.c.objc; path = StateNameCell.m; sourceTree = "<group>"; };
		C61ED4181A3807920034717B /* MyMyHospitalCell.xib */ = {isa = PBXFileReference; fileEncoding = 4; lastKnownFileType = file.xib; path = MyMyHospitalCell.xib; sourceTree = "<group>"; };
		C61ED41A1A380A710034717B /* MyMyHospitalCell.h */ = {isa = PBXFileReference; fileEncoding = 4; lastKnownFileType = sourcecode.c.h; path = MyMyHospitalCell.h; sourceTree = "<group>"; };
		C61ED41B1A380A710034717B /* MyMyHospitalCell.m */ = {isa = PBXFileReference; fileEncoding = 4; lastKnownFileType = sourcecode.c.objc; path = MyMyHospitalCell.m; sourceTree = "<group>"; };
		C61ED41D1A380A8C0034717B /* MyERWaitCell.h */ = {isa = PBXFileReference; fileEncoding = 4; lastKnownFileType = sourcecode.c.h; path = MyERWaitCell.h; sourceTree = "<group>"; };
		C61ED41E1A380A8C0034717B /* MyERWaitCell.m */ = {isa = PBXFileReference; fileEncoding = 4; lastKnownFileType = sourcecode.c.objc; path = MyERWaitCell.m; sourceTree = "<group>"; };
		C61ED4201A380AA40034717B /* MyERWaitCell.xib */ = {isa = PBXFileReference; fileEncoding = 4; lastKnownFileType = file.xib; path = MyERWaitCell.xib; sourceTree = "<group>"; };
		C61ED4221A380B150034717B /* OutlinedButton.h */ = {isa = PBXFileReference; fileEncoding = 4; lastKnownFileType = sourcecode.c.h; path = OutlinedButton.h; sourceTree = "<group>"; };
		C61ED4231A380B150034717B /* OutlinedButton.m */ = {isa = PBXFileReference; fileEncoding = 4; lastKnownFileType = sourcecode.c.objc; path = OutlinedButton.m; sourceTree = "<group>"; };
		C632877D1A75693F00C90D76 /* EmptyBackButtonTitleViewController.h */ = {isa = PBXFileReference; fileEncoding = 4; lastKnownFileType = sourcecode.c.h; path = EmptyBackButtonTitleViewController.h; sourceTree = "<group>"; };
		C632877E1A75693F00C90D76 /* EmptyBackButtonTitleViewController.m */ = {isa = PBXFileReference; fileEncoding = 4; lastKnownFileType = sourcecode.c.objc; path = EmptyBackButtonTitleViewController.m; sourceTree = "<group>"; };
		C66517D11A3D53CD0087BCA8 /* ProviderResultsViewController.h */ = {isa = PBXFileReference; fileEncoding = 4; lastKnownFileType = sourcecode.c.h; path = ProviderResultsViewController.h; sourceTree = "<group>"; };
		C66517D21A3D53CD0087BCA8 /* ProviderResultsViewController.m */ = {isa = PBXFileReference; fileEncoding = 4; lastKnownFileType = sourcecode.c.objc; path = ProviderResultsViewController.m; sourceTree = "<group>"; };
		C66517D41A3D55750087BCA8 /* ProviderViewController.h */ = {isa = PBXFileReference; fileEncoding = 4; lastKnownFileType = sourcecode.c.h; path = ProviderViewController.h; sourceTree = "<group>"; };
		C66517D51A3D55750087BCA8 /* ProviderViewController.m */ = {isa = PBXFileReference; fileEncoding = 4; lastKnownFileType = sourcecode.c.objc; path = ProviderViewController.m; sourceTree = "<group>"; };
		C66517D91A3D5B650087BCA8 /* PortalHeaderCell.xib */ = {isa = PBXFileReference; fileEncoding = 4; lastKnownFileType = file.xib; path = PortalHeaderCell.xib; sourceTree = "<group>"; };
		C66517DB1A3D5BA20087BCA8 /* PortalHeaderCell.h */ = {isa = PBXFileReference; fileEncoding = 4; lastKnownFileType = sourcecode.c.h; path = PortalHeaderCell.h; sourceTree = "<group>"; };
		C66517DC1A3D5BA20087BCA8 /* PortalHeaderCell.m */ = {isa = PBXFileReference; fileEncoding = 4; lastKnownFileType = sourcecode.c.objc; path = PortalHeaderCell.m; sourceTree = "<group>"; };
		C66517DE1A3D5CDD0087BCA8 /* PortalStateCell.xib */ = {isa = PBXFileReference; fileEncoding = 4; lastKnownFileType = file.xib; path = PortalStateCell.xib; sourceTree = "<group>"; };
		C66517E01A3D5D5A0087BCA8 /* PortalStateCell.h */ = {isa = PBXFileReference; fileEncoding = 4; lastKnownFileType = sourcecode.c.h; path = PortalStateCell.h; sourceTree = "<group>"; };
		C66517E11A3D5D5A0087BCA8 /* PortalStateCell.m */ = {isa = PBXFileReference; fileEncoding = 4; lastKnownFileType = sourcecode.c.objc; path = PortalStateCell.m; sourceTree = "<group>"; };
		C6EEB2341A38F62600C59CB2 /* HospitalsViewController.h */ = {isa = PBXFileReference; fileEncoding = 4; lastKnownFileType = sourcecode.c.h; path = HospitalsViewController.h; sourceTree = "<group>"; };
		C6EEB2351A38F62600C59CB2 /* HospitalsViewController.m */ = {isa = PBXFileReference; fileEncoding = 4; lastKnownFileType = sourcecode.c.objc; path = HospitalsViewController.m; sourceTree = "<group>"; };
		C6EEB2371A38F6EC00C59CB2 /* HospitalInfoCell.h */ = {isa = PBXFileReference; fileEncoding = 4; lastKnownFileType = sourcecode.c.h; path = HospitalInfoCell.h; sourceTree = "<group>"; };
		C6EEB2381A38F6EC00C59CB2 /* HospitalInfoCell.m */ = {isa = PBXFileReference; fileEncoding = 4; lastKnownFileType = sourcecode.c.objc; path = HospitalInfoCell.m; sourceTree = "<group>"; };
		C6EEB23A1A38F74200C59CB2 /* HospitalInfoCellER.h */ = {isa = PBXFileReference; fileEncoding = 4; lastKnownFileType = sourcecode.c.h; path = HospitalInfoCellER.h; sourceTree = "<group>"; };
		C6EEB23B1A38F74200C59CB2 /* HospitalInfoCellER.m */ = {isa = PBXFileReference; fileEncoding = 4; lastKnownFileType = sourcecode.c.objc; path = HospitalInfoCellER.m; sourceTree = "<group>"; };
		C6EEB23D1A393AA200C59CB2 /* FindHospitalInfoCell.h */ = {isa = PBXFileReference; fileEncoding = 4; lastKnownFileType = sourcecode.c.h; path = FindHospitalInfoCell.h; sourceTree = "<group>"; };
		C6EEB23E1A393AA200C59CB2 /* FindHospitalInfoCell.m */ = {isa = PBXFileReference; fileEncoding = 4; lastKnownFileType = sourcecode.c.objc; path = FindHospitalInfoCell.m; sourceTree = "<group>"; };
		C6EEB2401A393B1300C59CB2 /* FindHospitalInfoCell.xib */ = {isa = PBXFileReference; fileEncoding = 4; lastKnownFileType = file.xib; path = FindHospitalInfoCell.xib; sourceTree = "<group>"; };
		C6EEB2421A393C2400C59CB2 /* HospitalInfoViewController.h */ = {isa = PBXFileReference; fileEncoding = 4; lastKnownFileType = sourcecode.c.h; path = HospitalInfoViewController.h; sourceTree = "<group>"; };
		C6EEB2431A393C2400C59CB2 /* HospitalInfoViewController.m */ = {isa = PBXFileReference; fileEncoding = 4; lastKnownFileType = sourcecode.c.objc; path = HospitalInfoViewController.m; sourceTree = "<group>"; };
		C6EEB2451A393D0700C59CB2 /* WebCell.xib */ = {isa = PBXFileReference; fileEncoding = 4; lastKnownFileType = file.xib; path = WebCell.xib; sourceTree = "<group>"; };
		C6EEB2471A393D3B00C59CB2 /* WebCell.h */ = {isa = PBXFileReference; fileEncoding = 4; lastKnownFileType = sourcecode.c.h; path = WebCell.h; sourceTree = "<group>"; };
		C6EEB2481A393D3B00C59CB2 /* WebCell.m */ = {isa = PBXFileReference; fileEncoding = 4; lastKnownFileType = sourcecode.c.objc; path = WebCell.m; sourceTree = "<group>"; };
/* End PBXFileReference section */

/* Begin PBXFrameworksBuildPhase section */
		65A1DBBB1A17FF2100EF78FA /* Frameworks */ = {
			isa = PBXFrameworksBuildPhase;
			buildActionMask = 2147483647;
			files = (
				63247F462DC109081C4FF889 /* libPods-IASIS.a in Frameworks */,
			);
			runOnlyForDeploymentPostprocessing = 0;
		};
		65A1DBD41A17FF2100EF78FA /* Frameworks */ = {
			isa = PBXFrameworksBuildPhase;
			buildActionMask = 2147483647;
			files = (
			);
			runOnlyForDeploymentPostprocessing = 0;
		};
/* End PBXFrameworksBuildPhase section */

/* Begin PBXGroup section */
		2646170E76219F0B273A5F69 /* Frameworks */ = {
			isa = PBXGroup;
			children = (
				B386E523C8EB5942917140BF /* libPods-IASIS.a */,
			);
			name = Frameworks;
			sourceTree = "<group>";
		};
		4AF09E9DA7A89795EBD0517E /* Pods */ = {
			isa = PBXGroup;
			children = (
				323DEAA7EDC2366AAC9C3C75 /* Pods-IASIS.debug.xcconfig */,
				A596595F72C3F41E858537BD /* Pods-IASIS.release.xcconfig */,
			);
			name = Pods;
			sourceTree = "<group>";
		};
		653F945A1A37B3DA0045739C /* Hospitals */ = {
			isa = PBXGroup;
			children = (
				653F945E1A37B42A0045739C /* StatesViewController.h */,
				653F945F1A37B42A0045739C /* StatesViewController.m */,
				C6EEB2341A38F62600C59CB2 /* HospitalsViewController.h */,
				C6EEB2351A38F62600C59CB2 /* HospitalsViewController.m */,
				C6EEB2421A393C2400C59CB2 /* HospitalInfoViewController.h */,
				C6EEB2431A393C2400C59CB2 /* HospitalInfoViewController.m */,
			);
			name = Hospitals;
			sourceTree = "<group>";
		};
		653F945B1A37B3E70045739C /* Providers */ = {
			isa = PBXGroup;
			children = (
				653F94611A37B4340045739C /* ProvidersViewController.h */,
				653F94621A37B4340045739C /* ProvidersViewController.m */,
				C66517D11A3D53CD0087BCA8 /* ProviderResultsViewController.h */,
				C66517D21A3D53CD0087BCA8 /* ProviderResultsViewController.m */,
				C66517D41A3D55750087BCA8 /* ProviderViewController.h */,
				C66517D51A3D55750087BCA8 /* ProviderViewController.m */,
			);
			name = Providers;
			sourceTree = "<group>";
		};
		653F945C1A37B3F40045739C /* Patient Portal */ = {
			isa = PBXGroup;
			children = (
				653F94641A37B43C0045739C /* PortalViewController.h */,
				653F94651A37B43C0045739C /* PortalViewController.m */,
			);
			name = "Patient Portal";
			sourceTree = "<group>";
		};
		653F945D1A37B4040045739C /* Settings */ = {
			isa = PBXGroup;
			children = (
				653F94671A37B44C0045739C /* SettingsViewController.h */,
				653F94681A37B44C0045739C /* SettingsViewController.m */,
			);
			name = Settings;
			sourceTree = "<group>";
		};
		65A1DBB51A17FF2100EF78FA = {
			isa = PBXGroup;
			children = (
				65A1DBC01A17FF2100EF78FA /* IASIS */,
				65B13E031A2D617D00A5E4D3 /* 3rd Party */,
				65A1DBDA1A17FF2100EF78FA /* IASISTests */,
				65A1DBBF1A17FF2100EF78FA /* Products */,
				4AF09E9DA7A89795EBD0517E /* Pods */,
				2646170E76219F0B273A5F69 /* Frameworks */,
			);
			sourceTree = "<group>";
		};
		65A1DBBF1A17FF2100EF78FA /* Products */ = {
			isa = PBXGroup;
			children = (
				65A1DBBE1A17FF2100EF78FA /* IASIS.app */,
				65A1DBD71A17FF2100EF78FA /* IASISTests.xctest */,
			);
			name = Products;
			sourceTree = "<group>";
		};
		65A1DBC01A17FF2100EF78FA /* IASIS */ = {
			isa = PBXGroup;
			children = (
				65A1DBE71A17FF6200EF78FA /* Categories */,
				65A1DBE81A17FF6200EF78FA /* Classes */,
				65A1DBEF1A17FF6200EF78FA /* Images.xcassets */,
				65A1DBF01A17FF6200EF78FA /* Models */,
				65A1DBF11A17FF6200EF78FA /* Other Sources */,
				65A1DBF31A17FF6200EF78FA /* Resources */,
				65A1DBF51A17FF6200EF78FA /* XIBs */,
			);
			path = IASIS;
			sourceTree = "<group>";
		};
		65A1DBDA1A17FF2100EF78FA /* IASISTests */ = {
			isa = PBXGroup;
			children = (
				65A1DBDD1A17FF2100EF78FA /* IASISTests.m */,
				65A1DBDB1A17FF2100EF78FA /* Supporting Files */,
			);
			path = IASISTests;
			sourceTree = "<group>";
		};
		65A1DBDB1A17FF2100EF78FA /* Supporting Files */ = {
			isa = PBXGroup;
			children = (
				65A1DBDC1A17FF2100EF78FA /* Info.plist */,
			);
			name = "Supporting Files";
			sourceTree = "<group>";
		};
		65A1DBE71A17FF6200EF78FA /* Categories */ = {
			isa = PBXGroup;
			children = (
				652D226A1ABCAB4D00FA9D9D /* UIViewController+Alerts.h */,
				652D226B1ABCAB4D00FA9D9D /* UIViewController+Alerts.m */,
				653F946E1A37BA760045739C /* UIColor+Colors.h */,
				653F946F1A37BA760045739C /* UIColor+Colors.m */,
			);
			path = Categories;
			sourceTree = "<group>";
		};
		65A1DBE81A17FF6200EF78FA /* Classes */ = {
			isa = PBXGroup;
			children = (
				65A1DBE91A17FF6200EF78FA /* AppDelegate.h */,
				65A1DBEA1A17FF6200EF78FA /* AppDelegate.m */,
				C632877C1A75692100C90D76 /* Subclasses */,
				65A1DBEB1A17FF6200EF78FA /* UI */,
				65A1DBEC1A17FF6200EF78FA /* View Controllers */,
				652D22611ABCA10000FA9D9D /* ERWaitTimes.h */,
				652D22621ABCA10000FA9D9D /* ERWaitTimes.m */,
				652D22641ABCA5CA00FA9D9D /* ProviderSearchClient.h */,
				652D22651ABCA5CA00FA9D9D /* ProviderSearchClient.m */,
				652D22671ABCA6B600FA9D9D /* WaitSpinner.h */,
				652D22681ABCA6B600FA9D9D /* WaitSpinner.m */,
			);
			path = Classes;
			sourceTree = "<group>";
		};
		65A1DBEB1A17FF6200EF78FA /* UI */ = {
			isa = PBXGroup;
			children = (
				C61ED4251A3810230034717B /* Buttons */,
				65B13E101A2D653700A5E4D3 /* Cells */,
			);
			path = UI;
			sourceTree = "<group>";
		};
		65A1DBEC1A17FF6200EF78FA /* View Controllers */ = {
			isa = PBXGroup;
			children = (
				65A1DBED1A17FF6200EF78FA /* InitialViewController.h */,
				65A1DBEE1A17FF6200EF78FA /* InitialViewController.m */,
				653F946B1A37BA2F0045739C /* IASISViewController.h */,
				653F946C1A37BA2F0045739C /* IASISViewController.m */,
				65B13E081A2D61DF00A5E4D3 /* MenuViewController */,
				65B13E0C1A2D622600A5E4D3 /* PersonalViewController */,
				653F945A1A37B3DA0045739C /* Hospitals */,
				653F945B1A37B3E70045739C /* Providers */,
				653F945C1A37B3F40045739C /* Patient Portal */,
				653F945D1A37B4040045739C /* Settings */,
			);
			path = "View Controllers";
			sourceTree = "<group>";
		};
		65A1DBF01A17FF6200EF78FA /* Models */ = {
			isa = PBXGroup;
			children = (
			);
			path = Models;
			sourceTree = "<group>";
		};
		65A1DBF11A17FF6200EF78FA /* Other Sources */ = {
			isa = PBXGroup;
			children = (
				65A1DBF21A17FF6200EF78FA /* main.m */,
			);
			path = "Other Sources";
			sourceTree = "<group>";
		};
		65A1DBF31A17FF6200EF78FA /* Resources */ = {
			isa = PBXGroup;
			children = (
				65A1DBF41A17FF6200EF78FA /* Info.plist */,
				6513CF461ADAFF260089ED53 /* ProviderLocations.plist */,
				6513CF481ADB5AFF0089ED53 /* Hospitals.plist */,
				653D45771AE3EFD4004E53BD /* Provider.html */,
			);
			path = Resources;
			sourceTree = "<group>";
		};
		65A1DBF51A17FF6200EF78FA /* XIBs */ = {
			isa = PBXGroup;
			children = (
				C61ED4171A3807660034717B /* Cells */,
				65A1DBF61A17FF6200EF78FA /* LaunchScreen.xib */,
				65A1DBF81A17FF6200EF78FA /* Main.storyboard */,
			);
			path = XIBs;
			sourceTree = "<group>";
		};
		65B13E031A2D617D00A5E4D3 /* 3rd Party */ = {
			isa = PBXGroup;
			children = (
				65B13E041A2D617D00A5E4D3 /* JSSlidingViewController */,
			);
			name = "3rd Party";
			path = "IASIS/3rd Party";
			sourceTree = "<group>";
		};
		65B13E041A2D617D00A5E4D3 /* JSSlidingViewController */ = {
			isa = PBXGroup;
			children = (
				65B13E051A2D617D00A5E4D3 /* JSSlidingViewController.h */,
				65B13E061A2D617D00A5E4D3 /* JSSlidingViewController.m */,
			);
			path = JSSlidingViewController;
			sourceTree = "<group>";
		};
		65B13E081A2D61DF00A5E4D3 /* MenuViewController */ = {
			isa = PBXGroup;
			children = (
				65B13E091A2D61FE00A5E4D3 /* MenuViewController.h */,
				65B13E0A1A2D61FE00A5E4D3 /* MenuViewController.m */,
				653F946A1A37B5290045739C /* MenuViewControllerDelegate.h */,
			);
			name = MenuViewController;
			sourceTree = "<group>";
		};
		65B13E0C1A2D622600A5E4D3 /* PersonalViewController */ = {
			isa = PBXGroup;
			children = (
				65B13E0D1A2D623500A5E4D3 /* PersonalViewController.h */,
				65B13E0E1A2D623500A5E4D3 /* PersonalViewController.m */,
			);
			name = PersonalViewController;
			sourceTree = "<group>";
		};
		65B13E101A2D653700A5E4D3 /* Cells */ = {
			isa = PBXGroup;
			children = (
				65B13E111A2D655400A5E4D3 /* MenuTableViewCell.h */,
				65B13E121A2D655400A5E4D3 /* MenuTableViewCell.m */,
				C61ED41A1A380A710034717B /* MyMyHospitalCell.h */,
				C61ED41B1A380A710034717B /* MyMyHospitalCell.m */,
				C61ED41D1A380A8C0034717B /* MyERWaitCell.h */,
				C61ED41E1A380A8C0034717B /* MyERWaitCell.m */,
				C618922A1A38117B00A0CD08 /* MyProviderCell.h */,
				C618922B1A38117B00A0CD08 /* MyProviderCell.m */,
				C618922F1A38E6D100A0CD08 /* StateNameCell.h */,
				C61892301A38E6D100A0CD08 /* StateNameCell.m */,
				C6EEB2371A38F6EC00C59CB2 /* HospitalInfoCell.h */,
				C6EEB2381A38F6EC00C59CB2 /* HospitalInfoCell.m */,
				C6EEB23A1A38F74200C59CB2 /* HospitalInfoCellER.h */,
				C6EEB23B1A38F74200C59CB2 /* HospitalInfoCellER.m */,
				C6EEB23D1A393AA200C59CB2 /* FindHospitalInfoCell.h */,
				C6EEB23E1A393AA200C59CB2 /* FindHospitalInfoCell.m */,
				C6EEB2471A393D3B00C59CB2 /* WebCell.h */,
				C6EEB2481A393D3B00C59CB2 /* WebCell.m */,
				C66517DB1A3D5BA20087BCA8 /* PortalHeaderCell.h */,
				C66517DC1A3D5BA20087BCA8 /* PortalHeaderCell.m */,
				C66517E01A3D5D5A0087BCA8 /* PortalStateCell.h */,
				C66517E11A3D5D5A0087BCA8 /* PortalStateCell.m */,
				65DB4A011ADCB314002F7C0A /* PortalFooterCell.h */,
				65DB4A021ADCB314002F7C0A /* PortalFooterCell.m */,
			);
			name = Cells;
			sourceTree = "<group>";
		};
		C61ED4171A3807660034717B /* Cells */ = {
			isa = PBXGroup;
			children = (
				C61ED4181A3807920034717B /* MyMyHospitalCell.xib */,
				C61ED4201A380AA40034717B /* MyERWaitCell.xib */,
				C61892281A38108B00A0CD08 /* MyMyProvidersHeader.xib */,
				C618922D1A38118700A0CD08 /* MyProviderCell.xib */,
				C6EEB2401A393B1300C59CB2 /* FindHospitalInfoCell.xib */,
				C6EEB2451A393D0700C59CB2 /* WebCell.xib */,
				C66517D91A3D5B650087BCA8 /* PortalHeaderCell.xib */,
				C66517DE1A3D5CDD0087BCA8 /* PortalStateCell.xib */,
				65DB49FF1ADCB2D7002F7C0A /* PortalFooterCell.xib */,
			);
			name = Cells;
			sourceTree = "<group>";
		};
		C61ED4251A3810230034717B /* Buttons */ = {
			isa = PBXGroup;
			children = (
				C61ED4221A380B150034717B /* OutlinedButton.h */,
				C61ED4231A380B150034717B /* OutlinedButton.m */,
			);
			name = Buttons;
			sourceTree = "<group>";
		};
		C632877C1A75692100C90D76 /* Subclasses */ = {
			isa = PBXGroup;
			children = (
				C632877D1A75693F00C90D76 /* EmptyBackButtonTitleViewController.h */,
				C632877E1A75693F00C90D76 /* EmptyBackButtonTitleViewController.m */,
			);
			path = Subclasses;
			sourceTree = "<group>";
		};
/* End PBXGroup section */

/* Begin PBXNativeTarget section */
		65A1DBBD1A17FF2100EF78FA /* IASIS */ = {
			isa = PBXNativeTarget;
			buildConfigurationList = 65A1DBE11A17FF2100EF78FA /* Build configuration list for PBXNativeTarget "IASIS" */;
			buildPhases = (
				FA7B283789C347F14890A8D5 /* Check Pods Manifest.lock */,
				65A1DBBA1A17FF2100EF78FA /* Sources */,
				65A1DBBB1A17FF2100EF78FA /* Frameworks */,
				65A1DBBC1A17FF2100EF78FA /* Resources */,
				F2DF0EA6338FE843DE7E725F /* Copy Pods Resources */,
			);
			buildRules = (
			);
			dependencies = (
			);
			name = IASIS;
			productName = IASIS;
			productReference = 65A1DBBE1A17FF2100EF78FA /* IASIS.app */;
			productType = "com.apple.product-type.application";
		};
		65A1DBD61A17FF2100EF78FA /* IASISTests */ = {
			isa = PBXNativeTarget;
			buildConfigurationList = 65A1DBE41A17FF2100EF78FA /* Build configuration list for PBXNativeTarget "IASISTests" */;
			buildPhases = (
				65A1DBD31A17FF2100EF78FA /* Sources */,
				65A1DBD41A17FF2100EF78FA /* Frameworks */,
				65A1DBD51A17FF2100EF78FA /* Resources */,
			);
			buildRules = (
			);
			dependencies = (
				65A1DBD91A17FF2100EF78FA /* PBXTargetDependency */,
			);
			name = IASISTests;
			productName = IASISTests;
			productReference = 65A1DBD71A17FF2100EF78FA /* IASISTests.xctest */;
			productType = "com.apple.product-type.bundle.unit-test";
		};
/* End PBXNativeTarget section */

/* Begin PBXProject section */
		65A1DBB61A17FF2100EF78FA /* Project object */ = {
			isa = PBXProject;
			attributes = {
				LastUpgradeCheck = 0610;
				ORGANIZATIONNAME = "IASIS Healthcare Corporation";
				TargetAttributes = {
					65A1DBBD1A17FF2100EF78FA = {
						CreatedOnToolsVersion = 6.1;
					};
					65A1DBD61A17FF2100EF78FA = {
						CreatedOnToolsVersion = 6.1;
						TestTargetID = 65A1DBBD1A17FF2100EF78FA;
					};
				};
			};
			buildConfigurationList = 65A1DBB91A17FF2100EF78FA /* Build configuration list for PBXProject "IASIS" */;
			compatibilityVersion = "Xcode 3.2";
			developmentRegion = English;
			hasScannedForEncodings = 0;
			knownRegions = (
				en,
				Base,
			);
			mainGroup = 65A1DBB51A17FF2100EF78FA;
			productRefGroup = 65A1DBBF1A17FF2100EF78FA /* Products */;
			projectDirPath = "";
			projectRoot = "";
			targets = (
				65A1DBBD1A17FF2100EF78FA /* IASIS */,
				65A1DBD61A17FF2100EF78FA /* IASISTests */,
			);
		};
/* End PBXProject section */

/* Begin PBXResourcesBuildPhase section */
		65A1DBBC1A17FF2100EF78FA /* Resources */ = {
			isa = PBXResourcesBuildPhase;
			buildActionMask = 2147483647;
			files = (
				65A1DBFF1A17FF6200EF78FA /* LaunchScreen.xib in Resources */,
				C6EEB2461A393D0700C59CB2 /* WebCell.xib in Resources */,
				65DB4A001ADCB2D7002F7C0A /* PortalFooterCell.xib in Resources */,
				C66517DA1A3D5B650087BCA8 /* PortalHeaderCell.xib in Resources */,
				6513CF491ADB5AFF0089ED53 /* Hospitals.plist in Resources */,
				C61892291A38108B00A0CD08 /* MyMyProvidersHeader.xib in Resources */,
				C6EEB2411A393B1300C59CB2 /* FindHospitalInfoCell.xib in Resources */,
				C61ED4191A3807920034717B /* MyMyHospitalCell.xib in Resources */,
				C618922E1A38118700A0CD08 /* MyProviderCell.xib in Resources */,
				65A1DBFC1A17FF6200EF78FA /* Images.xcassets in Resources */,
				6513CF471ADAFF260089ED53 /* ProviderLocations.plist in Resources */,
				653D45781AE3EFD4004E53BD /* Provider.html in Resources */,
				65A1DC001A17FF6200EF78FA /* Main.storyboard in Resources */,
				C61ED4211A380AA40034717B /* MyERWaitCell.xib in Resources */,
				C66517DF1A3D5CDD0087BCA8 /* PortalStateCell.xib in Resources */,
			);
			runOnlyForDeploymentPostprocessing = 0;
		};
		65A1DBD51A17FF2100EF78FA /* Resources */ = {
			isa = PBXResourcesBuildPhase;
			buildActionMask = 2147483647;
			files = (
			);
			runOnlyForDeploymentPostprocessing = 0;
		};
/* End PBXResourcesBuildPhase section */

/* Begin PBXShellScriptBuildPhase section */
		F2DF0EA6338FE843DE7E725F /* Copy Pods Resources */ = {
			isa = PBXShellScriptBuildPhase;
			buildActionMask = 2147483647;
			files = (
			);
			inputPaths = (
			);
			name = "Copy Pods Resources";
			outputPaths = (
			);
			runOnlyForDeploymentPostprocessing = 0;
			shellPath = /bin/sh;
			shellScript = "\"${SRCROOT}/Pods/Target Support Files/Pods-IASIS/Pods-IASIS-resources.sh\"\n";
			showEnvVarsInLog = 0;
		};
		FA7B283789C347F14890A8D5 /* Check Pods Manifest.lock */ = {
			isa = PBXShellScriptBuildPhase;
			buildActionMask = 2147483647;
			files = (
			);
			inputPaths = (
			);
			name = "Check Pods Manifest.lock";
			outputPaths = (
			);
			runOnlyForDeploymentPostprocessing = 0;
			shellPath = /bin/sh;
			shellScript = "diff \"${PODS_ROOT}/../Podfile.lock\" \"${PODS_ROOT}/Manifest.lock\" > /dev/null\nif [[ $? != 0 ]] ; then\n    cat << EOM\nerror: The sandbox is not in sync with the Podfile.lock. Run 'pod install' or update your CocoaPods installation.\nEOM\n    exit 1\nfi\n";
			showEnvVarsInLog = 0;
		};
/* End PBXShellScriptBuildPhase section */

/* Begin PBXSourcesBuildPhase section */
		65A1DBBA1A17FF2100EF78FA /* Sources */ = {
			isa = PBXSourcesBuildPhase;
			buildActionMask = 2147483647;
			files = (
				652D22661ABCA5CA00FA9D9D /* ProviderSearchClient.m in Sources */,
				65B13E0F1A2D623500A5E4D3 /* PersonalViewController.m in Sources */,
				65A1DBFB1A17FF6200EF78FA /* InitialViewController.m in Sources */,
				C632877F1A75693F00C90D76 /* EmptyBackButtonTitleViewController.m in Sources */,
				653F94701A37BA760045739C /* UIColor+Colors.m in Sources */,
				C66517E21A3D5D5A0087BCA8 /* PortalStateCell.m in Sources */,
				653F94601A37B42A0045739C /* StatesViewController.m in Sources */,
				65A1DBFD1A17FF6200EF78FA /* main.m in Sources */,
				C6EEB2441A393C2400C59CB2 /* HospitalInfoViewController.m in Sources */,
				C6EEB2391A38F6EC00C59CB2 /* HospitalInfoCell.m in Sources */,
				65DB4A031ADCB314002F7C0A /* PortalFooterCell.m in Sources */,
				653F946D1A37BA2F0045739C /* IASISViewController.m in Sources */,
				C6EEB2361A38F62600C59CB2 /* HospitalsViewController.m in Sources */,
				653F94661A37B43C0045739C /* PortalViewController.m in Sources */,
				C61ED41F1A380A8C0034717B /* MyERWaitCell.m in Sources */,
				C6EEB23F1A393AA200C59CB2 /* FindHospitalInfoCell.m in Sources */,
				C61892311A38E6D100A0CD08 /* StateNameCell.m in Sources */,
				C61ED41C1A380A710034717B /* MyMyHospitalCell.m in Sources */,
				653F94631A37B4340045739C /* ProvidersViewController.m in Sources */,
				65B13E131A2D655400A5E4D3 /* MenuTableViewCell.m in Sources */,
				C61ED4241A380B150034717B /* OutlinedButton.m in Sources */,
				C66517DD1A3D5BA20087BCA8 /* PortalHeaderCell.m in Sources */,
				652D226C1ABCAB4D00FA9D9D /* UIViewController+Alerts.m in Sources */,
				C618922C1A38117B00A0CD08 /* MyProviderCell.m in Sources */,
				C66517D31A3D53CD0087BCA8 /* ProviderResultsViewController.m in Sources */,
				C6EEB2491A393D3B00C59CB2 /* WebCell.m in Sources */,
				65B13E071A2D617D00A5E4D3 /* JSSlidingViewController.m in Sources */,
				652D22631ABCA10000FA9D9D /* ERWaitTimes.m in Sources */,
				653F94691A37B44C0045739C /* SettingsViewController.m in Sources */,
				C6EEB23C1A38F74200C59CB2 /* HospitalInfoCellER.m in Sources */,
				652D22691ABCA6B600FA9D9D /* WaitSpinner.m in Sources */,
				65A1DBFA1A17FF6200EF78FA /* AppDelegate.m in Sources */,
				65B13E0B1A2D61FE00A5E4D3 /* MenuViewController.m in Sources */,
				C66517D61A3D55750087BCA8 /* ProviderViewController.m in Sources */,
			);
			runOnlyForDeploymentPostprocessing = 0;
		};
		65A1DBD31A17FF2100EF78FA /* Sources */ = {
			isa = PBXSourcesBuildPhase;
			buildActionMask = 2147483647;
			files = (
				65A1DBDE1A17FF2100EF78FA /* IASISTests.m in Sources */,
			);
			runOnlyForDeploymentPostprocessing = 0;
		};
/* End PBXSourcesBuildPhase section */

/* Begin PBXTargetDependency section */
		65A1DBD91A17FF2100EF78FA /* PBXTargetDependency */ = {
			isa = PBXTargetDependency;
			target = 65A1DBBD1A17FF2100EF78FA /* IASIS */;
			targetProxy = 65A1DBD81A17FF2100EF78FA /* PBXContainerItemProxy */;
		};
/* End PBXTargetDependency section */

/* Begin PBXVariantGroup section */
		65A1DBF61A17FF6200EF78FA /* LaunchScreen.xib */ = {
			isa = PBXVariantGroup;
			children = (
				65A1DBF71A17FF6200EF78FA /* Base */,
			);
			name = LaunchScreen.xib;
			sourceTree = "<group>";
		};
		65A1DBF81A17FF6200EF78FA /* Main.storyboard */ = {
			isa = PBXVariantGroup;
			children = (
				65A1DBF91A17FF6200EF78FA /* Base */,
			);
			name = Main.storyboard;
			sourceTree = "<group>";
		};
/* End PBXVariantGroup section */

/* Begin XCBuildConfiguration section */
		65A1DBDF1A17FF2100EF78FA /* Debug */ = {
			isa = XCBuildConfiguration;
			buildSettings = {
				ALWAYS_SEARCH_USER_PATHS = NO;
				CLANG_CXX_LANGUAGE_STANDARD = "gnu++0x";
				CLANG_CXX_LIBRARY = "libc++";
				CLANG_ENABLE_MODULES = YES;
				CLANG_ENABLE_OBJC_ARC = YES;
				CLANG_WARN_BOOL_CONVERSION = YES;
				CLANG_WARN_CONSTANT_CONVERSION = YES;
				CLANG_WARN_DIRECT_OBJC_ISA_USAGE = YES_ERROR;
				CLANG_WARN_EMPTY_BODY = YES;
				CLANG_WARN_ENUM_CONVERSION = YES;
				CLANG_WARN_INT_CONVERSION = YES;
				CLANG_WARN_OBJC_ROOT_CLASS = YES_ERROR;
				CLANG_WARN_UNREACHABLE_CODE = YES;
				CLANG_WARN__DUPLICATE_METHOD_MATCH = YES;
				"CODE_SIGN_IDENTITY[sdk=iphoneos*]" = "iPhone Developer";
				COPY_PHASE_STRIP = NO;
				ENABLE_STRICT_OBJC_MSGSEND = YES;
				GCC_C_LANGUAGE_STANDARD = gnu99;
				GCC_DYNAMIC_NO_PIC = NO;
				GCC_OPTIMIZATION_LEVEL = 0;
				GCC_PREPROCESSOR_DEFINITIONS = (
					"DEBUG=1",
					"$(inherited)",
				);
				GCC_SYMBOLS_PRIVATE_EXTERN = NO;
				GCC_WARN_64_TO_32_BIT_CONVERSION = YES;
				GCC_WARN_ABOUT_RETURN_TYPE = YES_ERROR;
				GCC_WARN_UNDECLARED_SELECTOR = YES;
				GCC_WARN_UNINITIALIZED_AUTOS = YES_AGGRESSIVE;
				GCC_WARN_UNUSED_FUNCTION = YES;
				GCC_WARN_UNUSED_VARIABLE = YES;
				IPHONEOS_DEPLOYMENT_TARGET = 8.1;
				MTL_ENABLE_DEBUG_INFO = YES;
				ONLY_ACTIVE_ARCH = YES;
				SDKROOT = iphoneos;
				TARGETED_DEVICE_FAMILY = "1,2";
			};
			name = Debug;
		};
		65A1DBE01A17FF2100EF78FA /* Release */ = {
			isa = XCBuildConfiguration;
			buildSettings = {
				ALWAYS_SEARCH_USER_PATHS = NO;
				CLANG_CXX_LANGUAGE_STANDARD = "gnu++0x";
				CLANG_CXX_LIBRARY = "libc++";
				CLANG_ENABLE_MODULES = YES;
				CLANG_ENABLE_OBJC_ARC = YES;
				CLANG_WARN_BOOL_CONVERSION = YES;
				CLANG_WARN_CONSTANT_CONVERSION = YES;
				CLANG_WARN_DIRECT_OBJC_ISA_USAGE = YES_ERROR;
				CLANG_WARN_EMPTY_BODY = YES;
				CLANG_WARN_ENUM_CONVERSION = YES;
				CLANG_WARN_INT_CONVERSION = YES;
				CLANG_WARN_OBJC_ROOT_CLASS = YES_ERROR;
				CLANG_WARN_UNREACHABLE_CODE = YES;
				CLANG_WARN__DUPLICATE_METHOD_MATCH = YES;
				"CODE_SIGN_IDENTITY[sdk=iphoneos*]" = "iPhone Developer";
				COPY_PHASE_STRIP = YES;
				ENABLE_NS_ASSERTIONS = NO;
				ENABLE_STRICT_OBJC_MSGSEND = YES;
				GCC_C_LANGUAGE_STANDARD = gnu99;
				GCC_WARN_64_TO_32_BIT_CONVERSION = YES;
				GCC_WARN_ABOUT_RETURN_TYPE = YES_ERROR;
				GCC_WARN_UNDECLARED_SELECTOR = YES;
				GCC_WARN_UNINITIALIZED_AUTOS = YES_AGGRESSIVE;
				GCC_WARN_UNUSED_FUNCTION = YES;
				GCC_WARN_UNUSED_VARIABLE = YES;
				IPHONEOS_DEPLOYMENT_TARGET = 8.1;
				MTL_ENABLE_DEBUG_INFO = NO;
				SDKROOT = iphoneos;
				TARGETED_DEVICE_FAMILY = "1,2";
				VALIDATE_PRODUCT = YES;
			};
			name = Release;
		};
		65A1DBE21A17FF2100EF78FA /* Debug */ = {
			isa = XCBuildConfiguration;
			baseConfigurationReference = 323DEAA7EDC2366AAC9C3C75 /* Pods-IASIS.debug.xcconfig */;
			buildSettings = {
				ASSETCATALOG_COMPILER_APPICON_NAME = AppIcon;
				CODE_SIGN_IDENTITY = "iPhone Developer: Matthew Pfeiffer (SVRQGP8NR3)";
				"CODE_SIGN_IDENTITY[sdk=iphoneos*]" = "iPhone Developer: Matthew Pfeiffer (SVRQGP8NR3)";
				INFOPLIST_FILE = "$(SRCROOT)/IASIS/Resources/Info.plist";
				LD_RUNPATH_SEARCH_PATHS = "$(inherited) @executable_path/Frameworks";
				PRODUCT_NAME = "$(TARGET_NAME)";
				PROVISIONING_PROFILE = "ccfdb65d-b5af-412c-9568-62e0cf2eb697";
			};
			name = Debug;
		};
		65A1DBE31A17FF2100EF78FA /* Release */ = {
			isa = XCBuildConfiguration;
			baseConfigurationReference = A596595F72C3F41E858537BD /* Pods-IASIS.release.xcconfig */;
			buildSettings = {
				ASSETCATALOG_COMPILER_APPICON_NAME = AppIcon;
				CODE_SIGN_IDENTITY = "iPhone Developer: Matthew Pfeiffer (SVRQGP8NR3)";
				"CODE_SIGN_IDENTITY[sdk=iphoneos*]" = "iPhone Developer: Matthew Pfeiffer (SVRQGP8NR3)";
				INFOPLIST_FILE = "$(SRCROOT)/IASIS/Resources/Info.plist";
				LD_RUNPATH_SEARCH_PATHS = "$(inherited) @executable_path/Frameworks";
				PRODUCT_NAME = "$(TARGET_NAME)";
				PROVISIONING_PROFILE = "ccfdb65d-b5af-412c-9568-62e0cf2eb697";
			};
			name = Release;
		};
		65A1DBE51A17FF2100EF78FA /* Debug */ = {
			isa = XCBuildConfiguration;
			buildSettings = {
				BUNDLE_LOADER = "$(TEST_HOST)";
				FRAMEWORK_SEARCH_PATHS = (
					"$(SDKROOT)/Developer/Library/Frameworks",
					"$(inherited)",
				);
				GCC_PREPROCESSOR_DEFINITIONS = (
					"DEBUG=1",
					"$(inherited)",
				);
				INFOPLIST_FILE = IASISTests/Info.plist;
				LD_RUNPATH_SEARCH_PATHS = "$(inherited) @executable_path/Frameworks @loader_path/Frameworks";
				PRODUCT_NAME = "$(TARGET_NAME)";
				TEST_HOST = "$(BUILT_PRODUCTS_DIR)/IASIS.app/IASIS";
			};
			name = Debug;
		};
		65A1DBE61A17FF2100EF78FA /* Release */ = {
			isa = XCBuildConfiguration;
			buildSettings = {
				BUNDLE_LOADER = "$(TEST_HOST)";
				FRAMEWORK_SEARCH_PATHS = (
					"$(SDKROOT)/Developer/Library/Frameworks",
					"$(inherited)",
				);
				INFOPLIST_FILE = IASISTests/Info.plist;
				LD_RUNPATH_SEARCH_PATHS = "$(inherited) @executable_path/Frameworks @loader_path/Frameworks";
				PRODUCT_NAME = "$(TARGET_NAME)";
				TEST_HOST = "$(BUILT_PRODUCTS_DIR)/IASIS.app/IASIS";
			};
			name = Release;
		};
/* End XCBuildConfiguration section */

/* Begin XCConfigurationList section */
		65A1DBB91A17FF2100EF78FA /* Build configuration list for PBXProject "IASIS" */ = {
			isa = XCConfigurationList;
			buildConfigurations = (
				65A1DBDF1A17FF2100EF78FA /* Debug */,
				65A1DBE01A17FF2100EF78FA /* Release */,
			);
			defaultConfigurationIsVisible = 0;
			defaultConfigurationName = Release;
		};
		65A1DBE11A17FF2100EF78FA /* Build configuration list for PBXNativeTarget "IASIS" */ = {
			isa = XCConfigurationList;
			buildConfigurations = (
				65A1DBE21A17FF2100EF78FA /* Debug */,
				65A1DBE31A17FF2100EF78FA /* Release */,
			);
			defaultConfigurationIsVisible = 0;
			defaultConfigurationName = Release;
		};
		65A1DBE41A17FF2100EF78FA /* Build configuration list for PBXNativeTarget "IASISTests" */ = {
			isa = XCConfigurationList;
			buildConfigurations = (
				65A1DBE51A17FF2100EF78FA /* Debug */,
				65A1DBE61A17FF2100EF78FA /* Release */,
			);
			defaultConfigurationIsVisible = 0;
			defaultConfigurationName = Release;
		};
/* End XCConfigurationList section */
	};
	rootObject = 65A1DBB61A17FF2100EF78FA /* Project object */;
}
